<?xml version="1.0" encoding="utf-8"?>
<Project ToolsVersion="4.0" xmlns="http://schemas.microsoft.com/developer/msbuild/2003">
  <ItemGroup>
    <Filter Include="Source Files">
      <UniqueIdentifier>{4FC737F1-C7A5-4376-A066-2A32D752A2FF}</UniqueIdentifier>
      <Extensions>cpp;c;cc;cxx;def;odl;idl;hpj;bat;asm;asmx</Extensions>
    </Filter>
    <Filter Include="Header Files">
      <UniqueIdentifier>{93995380-89BD-4b04-88EB-625FBE52EBFB}</UniqueIdentifier>
      <Extensions>h;hh;hpp;hxx;hm;inl;inc;xsd</Extensions>
    </Filter>
    <Filter Include="Resource Files">
      <UniqueIdentifier>{67DA6AB6-F800-4c08-8B7A-83BB121AAD01}</UniqueIdentifier>
      <Extensions>rc;ico;cur;bmp;dlg;rc2;rct;bin;rgs;gif;jpg;jpeg;jpe;resx;tiff;tif;png;wav;mfcribbon-ms</Extensions>
    </Filter>
    <Filter Include="Source Files\Data">
      <UniqueIdentifier>{701b4c42-9ab6-4fc8-bac6-1062a82a8e7c}</UniqueIdentifier>
    </Filter>
    <Filter Include="Source Files\Repository">
      <UniqueIdentifier>{868ce523-1ca7-4984-b184-9f9c83579706}</UniqueIdentifier>
    </Filter>
    <Filter Include="Source Files\Controller">
      <UniqueIdentifier>{32a097b9-f9cc-4e90-84a2-0f25201ae008}</UniqueIdentifier>
    </Filter>
    <Filter Include="Header Files\Model">
      <UniqueIdentifier>{6db83876-3ce1-4727-8df8-c5f1de26d168}</UniqueIdentifier>
    </Filter>
    <Filter Include="Source Files\Model">
      <UniqueIdentifier>{c15e389b-5727-4840-aba0-abf95b8573d6}</UniqueIdentifier>
    </Filter>
    <Filter Include="Header Files\Data">
      <UniqueIdentifier>{6c6252ef-d382-4a58-975c-23733253feaa}</UniqueIdentifier>
    </Filter>
    <Filter Include="Header Files\Controller">
      <UniqueIdentifier>{7fec3562-ecb4-42d7-a686-d4d068bf8595}</UniqueIdentifier>
    </Filter>
    <Filter Include="Header Files\Repository">
      <UniqueIdentifier>{80bb249e-53a6-4ee8-aef1-4df3bfeba0af}</UniqueIdentifier>
    </Filter>
    <Filter Include="Header Files\Helper">
      <UniqueIdentifier>{6d7e4668-6e64-4a89-85d5-236c6aed4af1}</UniqueIdentifier>
    </Filter>
    <Filter Include="Source Files\Helper">
      <UniqueIdentifier>{b05a2f60-a39f-406c-a98a-9afd3ebfe1c0}</UniqueIdentifier>
    </Filter>
    <Filter Include="Test">
      <UniqueIdentifier>{ff9a7a63-ac21-4a5d-8a4b-ec1d4500f236}</UniqueIdentifier>
    </Filter>
  </ItemGroup>
  <ItemGroup>
    <Text Include="ReadMe.txt" />
  </ItemGroup>
  <ItemGroup>
    <ClInclude Include="stdafx.h">
      <Filter>Header Files</Filter>
    </ClInclude>
    <ClInclude Include="targetver.h">
      <Filter>Header Files</Filter>
    </ClInclude>
    <ClInclude Include="Item.hpp">
      <Filter>Header Files\Model</Filter>
    </ClInclude>
    <ClInclude Include="User.hpp">
      <Filter>Header Files\Model</Filter>
    </ClInclude>
    <ClInclude Include="Generator.hpp">
      <Filter>Header Files\Data</Filter>
    </ClInclude>
    <ClInclude Include="Context.hpp">
      <Filter>Header Files\Data</Filter>
    </ClInclude>
    <ClInclude Include="ItemRepository.hpp">
      <Filter>Header Files\Repository</Filter>
    </ClInclude>
    <ClInclude Include="LibraryController.hpp">
      <Filter>Header Files\Controller</Filter>
    </ClInclude>
    <ClInclude Include="TermColor.hpp">
      <Filter>Header Files\Helper</Filter>
    </ClInclude>
    <ClInclude Include="ClientController.hpp">
      <Filter>Header Files\Controller</Filter>
    </ClInclude>
    <ClInclude Include="ClientConnection.hpp">
      <Filter>Header Files\Helper</Filter>
    </ClInclude>
    <ClInclude Include="Logger.hpp">
      <Filter>Header Files\Helper</Filter>
    </ClInclude>
    <ClInclude Include="CommandDispather.hpp">
      <Filter>Header Files\Helper</Filter>
    </ClInclude>
    <ClInclude Include="ResponseGenerator.hpp">
      <Filter>Header Files\Helper</Filter>
    </ClInclude>
    <ClInclude Include="Serializer.hpp">
      <Filter>Header Files\Helper</Filter>
    </ClInclude>
    <ClInclude Include="UserRepository.hpp">
      <Filter>Header Files\Repository</Filter>
    </ClInclude>
    <ClInclude Include="Main.hpp">
      <Filter>Test</Filter>
    </ClInclude>
  </ItemGroup>
  <ItemGroup>
    <ClCompile Include="stdafx.cpp">
      <Filter>Source Files</Filter>
    </ClCompile>
    <ClCompile Include="LibraryServer.cpp">
      <Filter>Source Files</Filter>
    </ClCompile>
    <ClCompile Include="Item.cpp">
      <Filter>Source Files\Model</Filter>
    </ClCompile>
    <ClCompile Include="User.cpp">
      <Filter>Source Files\Model</Filter>
    </ClCompile>
    <ClCompile Include="Generator.cpp">
      <Filter>Source Files\Data</Filter>
    </ClCompile>
    <ClCompile Include="Context.cpp">
      <Filter>Source Files\Data</Filter>
    </ClCompile>
    <ClCompile Include="ItemRepository.cpp">
      <Filter>Source Files\Repository</Filter>
    </ClCompile>
    <ClCompile Include="LibraryController.cpp">
      <Filter>Source Files\Controller</Filter>
    </ClCompile>
    <ClCompile Include="ClientController.cpp">
      <Filter>Source Files\Controller</Filter>
    </ClCompile>
    <ClCompile Include="CommandDispatcher.cpp">
      <Filter>Source Files\Helper</Filter>
    </ClCompile>
    <ClCompile Include="ResponseGenerator.cpp">
      <Filter>Source Files\Helper</Filter>
    </ClCompile>
    <ClCompile Include="Serializer.cpp">
      <Filter>Source Files\Helper</Filter>
    </ClCompile>
    <ClCompile Include="UserRepository.cpp">
      <Filter>Source Files\Repository</Filter>
    </ClCompile>
    <ClCompile Include="Main.cpp">
      <Filter>Test</Filter>
    </ClCompile>
  </ItemGroup>
</Project>